
Microsoft Visual Studio Solution File, Format Version 12.00
# Visual Studio Version 17
VisualStudioVersion = 17.5.33516.290
MinimumVisualStudioVersion = 10.0.40219.1
Project("{FAE04EC0-301F-11D3-BF4B-00C04F79EFBC}") = "Fundamentos.Metodo", "Fundamentos.Metodo\Fundamentos.Metodo.csproj", "{46A11229-DC44-4A41-8646-5FCBE1EDC62B}"
EndProject
Global
	GlobalSection(SolutionConfigurationPlatforms) = preSolution
		Debug|Any CPU = Debug|Any CPU
		Release|Any CPU = Release|Any CPU
	EndGlobalSection
	GlobalSection(ProjectConfigurationPlatforms) = postSolution
		{46A11229-DC44-4A41-8646-5FCBE1EDC62B}.Debug|Any CPU.ActiveCfg = Debug|Any CPU
		{46A11229-DC44-4A41-8646-5FCBE1EDC62B}.Debug|Any CPU.Build.0 = Debug|Any CPU
		{46A11229-DC44-4A41-8646-5FCBE1EDC62B}.Release|Any CPU.ActiveCfg = Release|Any CPU
		{46A11229-DC44-4A41-8646-5FCBE1EDC62B}.Release|Any CPU.Build.0 = Release|Any CPU
	EndGlobalSection
	GlobalSection(SolutionProperties) = preSolution
		HideSolutionNode = FALSE
	EndGlobalSection
	GlobalSection(ExtensibilityGlobals) = postSolution
		SolutionGuid = {DE40A93E-6A10-4FF3-B325-1967346DF0D1}
	EndGlobalSection
EndGlobal
